
Microsoft Visual Studio Solution File, Format Version 12.00
# Visual Studio Version 16
VisualStudioVersion = 16.0.29509.3
MinimumVisualStudioVersion = 10.0.40219.1
Project("{FAE04EC0-301F-11D3-BF4B-00C04F79EFBC}") = "AdminLTE", "AdminLTE.csproj", "{DC57C8B6-E1C2-455E-A5D3-CAE5365D6C49}"
EndProject
Global
	GlobalSection(SolutionConfigurationPlatforms) = preSolution
		Debug|Any CPU = Debug|Any CPU
		Release|Any CPU = Release|Any CPU
	EndGlobalSection
	GlobalSection(ProjectConfigurationPlatforms) = postSolution
		{DC57C8B6-E1C2-455E-A5D3-CAE5365D6C49}.Debug|Any CPU.ActiveCfg = Debug|Any CPU
		{DC57C8B6-E1C2-455E-A5D3-CAE5365D6C49}.Debug|Any CPU.Build.0 = Debug|Any CPU
		{DC57C8B6-E1C2-455E-A5D3-CAE5365D6C49}.Release|Any CPU.ActiveCfg = Release|Any CPU
		{DC57C8B6-E1C2-455E-A5D3-CAE5365D6C49}.Release|Any CPU.Build.0 = Release|Any CPU
	EndGlobalSection
	GlobalSection(SolutionProperties) = preSolution
		HideSolutionNode = FALSE
	EndGlobalSection
	GlobalSection(ExtensibilityGlobals) = postSolution
		SolutionGuid = {57973294-175B-4447-A7B5-C48268E59576}
	EndGlobalSection
EndGlobal
